{
  "requires": true,
  "lockfileVersion": 1,
  "dependencies": {
    "echarts-for-weixin": {
      "version": "1.0.2",
      "resolved": "https://registry.npmmirror.com/echarts-for-weixin/-/echarts-for-weixin-1.0.2.tgz",
      "integrity": "sha512-cEk4yFMCJDQpvAgVRKbGvMjXvuW965iEUootJffRFHwJwCq0/GIeoRTTAEuj50PKMMtLTW4DmBPmvPja3sH2jQ=="
    }
  }
}
